// !$*UTF8*$!
{
	archiveVersion = 1;
	classes = {
	};
	objectVersion = 46;
	objects = {

/* Begin PBXBuildFile section */
		18611DAF1B70ADB60007018D /* main.m in Sources */ = {isa = PBXBuildFile; fileRef = 18611DAE1B70ADB60007018D /* main.m */; };
		18611DB21B70ADB60007018D /* AppDelegate.m in Sources */ = {isa = PBXBuildFile; fileRef = 18611DB11B70ADB60007018D /* AppDelegate.m */; };
		18611DB51B70ADB60007018D /* ViewController.m in Sources */ = {isa = PBXBuildFile; fileRef = 18611DB41B70ADB60007018D /* ViewController.m */; };
		18611DB81B70ADB60007018D /* Main.storyboard in Resources */ = {isa = PBXBuildFile; fileRef = 18611DB61B70ADB60007018D /* Main.storyboard */; };
		18611DBA1B70ADB60007018D /* Images.xcassets in Resources */ = {isa = PBXBuildFile; fileRef = 18611DB91B70ADB60007018D /* Images.xcassets */; };
		18611DBD1B70ADB60007018D /* LaunchScreen.xib in Resources */ = {isa = PBXBuildFile; fileRef = 18611DBB1B70ADB60007018D /* LaunchScreen.xib */; };
		18611DC91B70ADB60007018D /* insertDemoTests.m in Sources */ = {isa = PBXBuildFile; fileRef = 18611DC81B70ADB60007018D /* insertDemoTests.m */; };
		18611DD41B70AE5E0007018D /* NSString+URLEncoding.m in Sources */ = {isa = PBXBuildFile; fileRef = 18611DD31B70AE5E0007018D /* NSString+URLEncoding.m */; };
/* End PBXBuildFile section */

/* Begin PBXContainerItemProxy section */
		18611DC31B70ADB60007018D /* PBXContainerItemProxy */ = {
			isa = PBXContainerItemProxy;
			containerPortal = 18611DA11B70ADB60007018D /* Project object */;
			proxyType = 1;
			remoteGlobalIDString = 18611DA81B70ADB60007018D;
			remoteInfo = insertDemo;
		};
/* End PBXContainerItemProxy section */

/* Begin PBXFileReference section */
		18611DA91B70ADB60007018D /* insertDemo.app */ = {isa = PBXFileReference; explicitFileType = wrapper.application; includeInIndex = 0; path = insertDemo.app; sourceTree = BUILT_PRODUCTS_DIR; };
		18611DAD1B70ADB60007018D /* Info.plist */ = {isa = PBXFileReference; lastKnownFileType = text.plist.xml; path = Info.plist; sourceTree = "<group>"; };
		18611DAE1B70ADB60007018D /* main.m */ = {isa = PBXFileReference; lastKnownFileType = sourcecode.c.objc; path = main.m; sourceTree = "<group>"; };
		18611DB01B70ADB60007018D /* AppDelegate.h */ = {isa = PBXFileReference; lastKnownFileType = sourcecode.c.h; path = AppDelegate.h; sourceTree = "<group>"; };
		18611DB11B70ADB60007018D /* AppDelegate.m */ = {isa = PBXFileReference; lastKnownFileType = sourcecode.c.objc; path = AppDelegate.m; sourceTree = "<group>"; };
		18611DB31B70ADB60007018D /* ViewController.h */ = {isa = PBXFileReference; lastKnownFileType = sourcecode.c.h; path = ViewController.h; sourceTree = "<group>"; };
		18611DB41B70ADB60007018D /* ViewController.m */ = {isa = PBXFileReference; lastKnownFileType = sourcecode.c.objc; path = ViewController.m; sourceTree = "<group>"; };
		18611DB71B70ADB60007018D /* Base */ = {isa = PBXFileReference; lastKnownFileType = file.storyboard; name = Base; path = Base.lproj/Main.storyboard; sourceTree = "<group>"; };
		18611DB91B70ADB60007018D /* Images.xcassets */ = {isa = PBXFileReference; lastKnownFileType = folder.assetcatalog; path = Images.xcassets; sourceTree = "<group>"; };
		18611DBC1B70ADB60007018D /* Base */ = {isa = PBXFileReference; lastKnownFileType = file.xib; name = Base; path = Base.lproj/LaunchScreen.xib; sourceTree = "<group>"; };
		18611DC21B70ADB60007018D /* insertDemoTests.xctest */ = {isa = PBXFileReference; explicitFileType = wrapper.cfbundle; includeInIndex = 0; path = insertDemoTests.xctest; sourceTree = BUILT_PRODUCTS_DIR; };
		18611DC71B70ADB60007018D /* Info.plist */ = {isa = PBXFileReference; lastKnownFileType = text.plist.xml; path = Info.plist; sourceTree = "<group>"; };
		18611DC81B70ADB60007018D /* insertDemoTests.m */ = {isa = PBXFileReference; lastKnownFileType = sourcecode.c.objc; path = insertDemoTests.m; sourceTree = "<group>"; };
		18611DD21B70AE5E0007018D /* NSString+URLEncoding.h */ = {isa = PBXFileReference; fileEncoding = 4; lastKnownFileType = sourcecode.c.h; path = "NSString+URLEncoding.h"; sourceTree = "<group>"; };
		18611DD31B70AE5E0007018D /* NSString+URLEncoding.m */ = {isa = PBXFileReference; fileEncoding = 4; lastKnownFileType = sourcecode.c.objc; path = "NSString+URLEncoding.m"; sourceTree = "<group>"; };
/* End PBXFileReference section */

/* Begin PBXFrameworksBuildPhase section */
		18611DA61B70ADB60007018D /* Frameworks */ = {
			isa = PBXFrameworksBuildPhase;
			buildActionMask = 2147483647;
			files = (
			);
			runOnlyForDeploymentPostprocessing = 0;
		};
		18611DBF1B70ADB60007018D /* Frameworks */ = {
			isa = PBXFrameworksBuildPhase;
			buildActionMask = 2147483647;
			files = (
			);
			runOnlyForDeploymentPostprocessing = 0;
		};
/* End PBXFrameworksBuildPhase section */

/* Begin PBXGroup section */
		18611DA01B70ADB60007018D = {
			isa = PBXGroup;
			children = (
				18611DAB1B70ADB60007018D /* insertDemo */,
				18611DC51B70ADB60007018D /* insertDemoTests */,
				18611DAA1B70ADB60007018D /* Products */,
			);
			sourceTree = "<group>";
		};
		18611DAA1B70ADB60007018D /* Products */ = {
			isa = PBXGroup;
			children = (
				18611DA91B70ADB60007018D /* insertDemo.app */,
				18611DC21B70ADB60007018D /* insertDemoTests.xctest */,
			);
			name = Products;
			sourceTree = "<group>";
		};
		18611DAB1B70ADB60007018D /* insertDemo */ = {
			isa = PBXGroup;
			children = (
				18611DD21B70AE5E0007018D /* NSString+URLEncoding.h */,
				18611DD31B70AE5E0007018D /* NSString+URLEncoding.m */,
				18611DB01B70ADB60007018D /* AppDelegate.h */,
				18611DB11B70ADB60007018D /* AppDelegate.m */,
				18611DB31B70ADB60007018D /* ViewController.h */,
				18611DB41B70ADB60007018D /* ViewController.m */,
				18611DB61B70ADB60007018D /* Main.storyboard */,
				18611DB91B70ADB60007018D /* Images.xcassets */,
				18611DBB1B70ADB60007018D /* LaunchScreen.xib */,
				18611DAC1B70ADB60007018D /* Supporting Files */,
			);
			path = insertDemo;
			sourceTree = "<group>";
		};
		18611DAC1B70ADB60007018D /* Supporting Files */ = {
			isa = PBXGroup;
			children = (
				18611DAD1B70ADB60007018D /* Info.plist */,
				18611DAE1B70ADB60007018D /* main.m */,
			);
			name = "Supporting Files";
			sourceTree = "<group>";
		};
		18611DC51B70ADB60007018D /* insertDemoTests */ = {
			isa = PBXGroup;
			children = (
				18611DC81B70ADB60007018D /* insertDemoTests.m */,
				18611DC61B70ADB60007018D /* Supporting Files */,
			);
			path = insertDemoTests;
			sourceTree = "<group>";
		};
		18611DC61B70ADB60007018D /* Supporting Files */ = {
			isa = PBXGroup;
			children = (
				18611DC71B70ADB60007018D /* Info.plist */,
			);
			name = "Supporting Files";
			sourceTree = "<group>";
		};
/* End PBXGroup section */

/* Begin PBXNativeTarget section */
		18611DA81B70ADB60007018D /* insertDemo */ = {
			isa = PBXNativeTarget;
			buildConfigurationList = 18611DCC1B70ADB60007018D /* Build configuration list for PBXNativeTarget "insertDemo" */;
			buildPhases = (
				18611DA51B70ADB60007018D /* Sources */,
				18611DA61B70ADB60007018D /* Frameworks */,
				18611DA71B70ADB60007018D /* Resources */,
			);
			buildRules = (
			);
			dependencies = (
			);
			name = insertDemo;
			productName = insertDemo;
			productReference = 18611DA91B70ADB60007018D /* insertDemo.app */;
			productType = "com.apple.product-type.application";
		};
		18611DC11B70ADB60007018D /* insertDemoTests */ = {
			isa = PBXNativeTarget;
			buildConfigurationList = 18611DCF1B70ADB60007018D /* Build configuration list for PBXNativeTarget "insertDemoTests" */;
			buildPhases = (
				18611DBE1B70ADB60007018D /* Sources */,
				18611DBF1B70ADB60007018D /* Frameworks */,
				18611DC01B70ADB60007018D /* Resources */,
			);
			buildRules = (
			);
			dependencies = (
				18611DC41B70ADB60007018D /* PBXTargetDependency */,
			);
			name = insertDemoTests;
			productName = insertDemoTests;
			productReference = 18611DC21B70ADB60007018D /* insertDemoTests.xctest */;
			productType = "com.apple.product-type.bundle.unit-test";
		};
/* End PBXNativeTarget section */

/* Begin PBXProject section */
		18611DA11B70ADB60007018D /* Project object */ = {
			isa = PBXProject;
			attributes = {
				LastUpgradeCheck = 0640;
				ORGANIZATIONNAME = "华讯网络投资有限公司";
				TargetAttributes = {
					18611DA81B70ADB60007018D = {
						CreatedOnToolsVersion = 6.4;
					};
					18611DC11B70ADB60007018D = {
						CreatedOnToolsVersion = 6.4;
						TestTargetID = 18611DA81B70ADB60007018D;
					};
				};
			};
			buildConfigurationList = 18611DA41B70ADB60007018D /* Build configuration list for PBXProject "insertDemo" */;
			compatibilityVersion = "Xcode 3.2";
			developmentRegion = English;
			hasScannedForEncodings = 0;
			knownRegions = (
				en,
				Base,
			);
			mainGroup = 18611DA01B70ADB60007018D;
			productRefGroup = 18611DAA1B70ADB60007018D /* Products */;
			projectDirPath = "";
			projectRoot = "";
			targets = (
				18611DA81B70ADB60007018D /* insertDemo */,
				18611DC11B70ADB60007018D /* insertDemoTests */,
			);
		};
/* End PBXProject section */

/* Begin PBXResourcesBuildPhase section */
		18611DA71B70ADB60007018D /* Resources */ = {
			isa = PBXResourcesBuildPhase;
			buildActionMask = 2147483647;
			files = (
				18611DB81B70ADB60007018D /* Main.storyboard in Resources */,
				18611DBD1B70ADB60007018D /* LaunchScreen.xib in Resources */,
				18611DBA1B70ADB60007018D /* Images.xcassets in Resources */,
			);
			runOnlyForDeploymentPostprocessing = 0;
		};
		18611DC01B70ADB60007018D /* Resources */ = {
			isa = PBXResourcesBuildPhase;
			buildActionMask = 2147483647;
			files = (
			);
			runOnlyForDeploymentPostprocessing = 0;
		};
/* End PBXResourcesBuildPhase section */

/* Begin PBXSourcesBuildPhase section */
		18611DA51B70ADB60007018D /* Sources */ = {
			isa = PBXSourcesBuildPhase;
			buildActionMask = 2147483647;
			files = (
				18611DB51B70ADB60007018D /* ViewController.m in Sources */,
				18611DB21B70ADB60007018D /* AppDelegate.m in Sources */,
				18611DD41B70AE5E0007018D /* NSString+URLEncoding.m in Sources */,
				18611DAF1B70ADB60007018D /* main.m in Sources */,
			);
			runOnlyForDeploymentPostprocessing = 0;
		};
		18611DBE1B70ADB60007018D /* Sources */ = {
			isa = PBXSourcesBuildPhase;
			buildActionMask = 2147483647;
			files = (
				18611DC91B70ADB60007018D /* insertDemoTests.m in Sources */,
			);
			runOnlyForDeploymentPostprocessing = 0;
		};
/* End PBXSourcesBuildPhase section */

/* Begin PBXTargetDependency section */
		18611DC41B70ADB60007018D /* PBXTargetDependency */ = {
			isa = PBXTargetDependency;
			target = 18611DA81B70ADB60007018D /* insertDemo */;
			targetProxy = 18611DC31B70ADB60007018D /* PBXContainerItemProxy */;
		};
/* End PBXTargetDependency section */

/* Begin PBXVariantGroup section */
		18611DB61B70ADB60007018D /* Main.storyboard */ = {
			isa = PBXVariantGroup;
			children = (
				18611DB71B70ADB60007018D /* Base */,
			);
			name = Main.storyboard;
			sourceTree = "<group>";
		};
		18611DBB1B70ADB60007018D /* LaunchScreen.xib */ = {
			isa = PBXVariantGroup;
			children = (
				18611DBC1B70ADB60007018D /* Base */,
			);
			name = LaunchScreen.xib;
			sourceTree = "<group>";
		};
/* End PBXVariantGroup section */

/* Begin XCBuildConfiguration section */
		18611DCA1B70ADB60007018D /* Debug */ = {
			isa = XCBuildConfiguration;
			buildSettings = {
				ALWAYS_SEARCH_USER_PATHS = NO;
				CLANG_CXX_LANGUAGE_STANDARD = "gnu++0x";
				CLANG_CXX_LIBRARY = "libc++";
				CLANG_ENABLE_MODULES = YES;
				CLANG_ENABLE_OBJC_ARC = YES;
				CLANG_WARN_BOOL_CONVERSION = YES;
				CLANG_WARN_CONSTANT_CONVERSION = YES;
				CLANG_WARN_DIRECT_OBJC_ISA_USAGE = YES_ERROR;
				CLANG_WARN_EMPTY_BODY = YES;
				CLANG_WARN_ENUM_CONVERSION = YES;
				CLANG_WARN_INT_CONVERSION = YES;
				CLANG_WARN_OBJC_ROOT_CLASS = YES_ERROR;
				CLANG_WARN_UNREACHABLE_CODE = YES;
				CLANG_WARN__DUPLICATE_METHOD_MATCH = YES;
				"CODE_SIGN_IDENTITY[sdk=iphoneos*]" = "iPhone Developer";
				COPY_PHASE_STRIP = NO;
				DEBUG_INFORMATION_FORMAT = "dwarf-with-dsym";
				ENABLE_STRICT_OBJC_MSGSEND = YES;
				GCC_C_LANGUAGE_STANDARD = gnu99;
				GCC_DYNAMIC_NO_PIC = NO;
				GCC_NO_COMMON_BLOCKS = YES;
				GCC_OPTIMIZATION_LEVEL = 0;
				GCC_PREPROCESSOR_DEFINITIONS = (
					"DEBUG=1",
					"$(inherited)",
				);
				GCC_SYMBOLS_PRIVATE_EXTERN = NO;
				GCC_WARN_64_TO_32_BIT_CONVERSION = YES;
				GCC_WARN_ABOUT_RETURN_TYPE = YES_ERROR;
				GCC_WARN_UNDECLARED_SELECTOR = YES;
				GCC_WARN_UNINITIALIZED_AUTOS = YES_AGGRESSIVE;
				GCC_WARN_UNUSED_FUNCTION = YES;
				GCC_WARN_UNUSED_VARIABLE = YES;
				IPHONEOS_DEPLOYMENT_TARGET = 8.4;
				MTL_ENABLE_DEBUG_INFO = YES;
				ONLY_ACTIVE_ARCH = YES;
				SDKROOT = iphoneos;
			};
			name = Debug;
		};
		18611DCB1B70ADB60007018D /* Release */ = {
			isa = XCBuildConfiguration;
			buildSettings = {
				ALWAYS_SEARCH_USER_PATHS = NO;
				CLANG_CXX_LANGUAGE_STANDARD = "gnu++0x";
				CLANG_CXX_LIBRARY = "libc++";
				CLANG_ENABLE_MODULES = YES;
				CLANG_ENABLE_OBJC_ARC = YES;
				CLANG_WARN_BOOL_CONVERSION = YES;
				CLANG_WARN_CONSTANT_CONVERSION = YES;
				CLANG_WARN_DIRECT_OBJC_ISA_USAGE = YES_ERROR;
				CLANG_WARN_EMPTY_BODY = YES;
				CLANG_WARN_ENUM_CONVERSION = YES;
				CLANG_WARN_INT_CONVERSION = YES;
				CLANG_WARN_OBJC_ROOT_CLASS = YES_ERROR;
				CLANG_WARN_UNREACHABLE_CODE = YES;
				CLANG_WARN__DUPLICATE_METHOD_MATCH = YES;
				"CODE_SIGN_IDENTITY[sdk=iphoneos*]" = "iPhone Developer";
				COPY_PHASE_STRIP = NO;
				DEBUG_INFORMATION_FORMAT = "dwarf-with-dsym";
				ENABLE_NS_ASSERTIONS = NO;
				ENABLE_STRICT_OBJC_MSGSEND = YES;
				GCC_C_LANGUAGE_STANDARD = gnu99;
				GCC_NO_COMMON_BLOCKS = YES;
				GCC_WARN_64_TO_32_BIT_CONVERSION = YES;
				GCC_WARN_ABOUT_RETURN_TYPE = YES_ERROR;
				GCC_WARN_UNDECLARED_SELECTOR = YES;
				GCC_WARN_UNINITIALIZED_AUTOS = YES_AGGRESSIVE;
				GCC_WARN_UNUSED_FUNCTION = YES;
				GCC_WARN_UNUSED_VARIABLE = YES;
				IPHONEOS_DEPLOYMENT_TARGET = 8.4;
				MTL_ENABLE_DEBUG_INFO = NO;
				SDKROOT = iphoneos;
				VALIDATE_PRODUCT = YES;
			};
			name = Release;
		};
		18611DCD1B70ADB60007018D /* Debug */ = {
			isa = XCBuildConfiguration;
			buildSettings = {
				ASSETCATALOG_COMPILER_APPICON_NAME = AppIcon;
				INFOPLIST_FILE = insertDemo/Info.plist;
				LD_RUNPATH_SEARCH_PATHS = "$(inherited) @executable_path/Frameworks";
				PRODUCT_NAME = "$(TARGET_NAME)";
			};
			name = Debug;
		};
		18611DCE1B70ADB60007018D /* Release */ = {
			isa = XCBuildConfiguration;
			buildSettings = {
				ASSETCATALOG_COMPILER_APPICON_NAME = AppIcon;
				INFOPLIST_FILE = insertDemo/Info.plist;
				LD_RUNPATH_SEARCH_PATHS = "$(inherited) @executable_path/Frameworks";
				PRODUCT_NAME = "$(TARGET_NAME)";
			};
			name = Release;
		};
		18611DD01B70ADB60007018D /* Debug */ = {
			isa = XCBuildConfiguration;
			buildSettings = {
				BUNDLE_LOADER = "$(TEST_HOST)";
				FRAMEWORK_SEARCH_PATHS = (
					"$(SDKROOT)/Developer/Library/Frameworks",
					"$(inherited)",
				);
				GCC_PREPROCESSOR_DEFINITIONS = (
					"DEBUG=1",
					"$(inherited)",
				);
				INFOPLIST_FILE = insertDemoTests/Info.plist;
				LD_RUNPATH_SEARCH_PATHS = "$(inherited) @executable_path/Frameworks @loader_path/Frameworks";
				PRODUCT_NAME = "$(TARGET_NAME)";
				TEST_HOST = "$(BUILT_PRODUCTS_DIR)/insertDemo.app/insertDemo";
			};
			name = Debug;
		};
		18611DD11B70ADB60007018D /* Release */ = {
			isa = XCBuildConfiguration;
			buildSettings = {
				BUNDLE_LOADER = "$(TEST_HOST)";
				FRAMEWORK_SEARCH_PATHS = (
					"$(SDKROOT)/Developer/Library/Frameworks",
					"$(inherited)",
				);
				INFOPLIST_FILE = insertDemoTests/Info.plist;
				LD_RUNPATH_SEARCH_PATHS = "$(inherited) @executable_path/Frameworks @loader_path/Frameworks";
				PRODUCT_NAME = "$(TARGET_NAME)";
				TEST_HOST = "$(BUILT_PRODUCTS_DIR)/insertDemo.app/insertDemo";
			};
			name = Release;
		};
/* End XCBuildConfiguration section */

/* Begin XCConfigurationList section */
		18611DA41B70ADB60007018D /* Build configuration list for PBXProject "insertDemo" */ = {
			isa = XCConfigurationList;
			buildConfigurations = (
				18611DCA1B70ADB60007018D /* Debug */,
				18611DCB1B70ADB60007018D /* Release */,
			);
			defaultConfigurationIsVisible = 0;
			defaultConfigurationName = Release;
		};
		18611DCC1B70ADB60007018D /* Build configuration list for PBXNativeTarget "insertDemo" */ = {
			isa = XCConfigurationList;
			buildConfigurations = (
				18611DCD1B70ADB60007018D /* Debug */,
				18611DCE1B70ADB60007018D /* Release */,
			);
			defaultConfigurationIsVisible = 0;
		};
		18611DCF1B70ADB60007018D /* Build configuration list for PBXNativeTarget "insertDemoTests" */ = {
			isa = XCConfigurationList;
			buildConfigurations = (
				18611DD01B70ADB60007018D /* Debug */,
				18611DD11B70ADB60007018D /* Release */,
			);
			defaultConfigurationIsVisible = 0;
		};
/* End XCConfigurationList section */
	};
	rootObject = 18611DA11B70ADB60007018D /* Project object */;
}
